
Microsoft Visual Studio Solution File, Format Version 12.00
# Visual Studio Version 16
VisualStudioVersion = 16.0.30011.22
MinimumVisualStudioVersion = 10.0.40219.1
Project("{FAE04EC0-301F-11D3-BF4B-00C04F79EFBC}") = "MobileIntegration_v2", "MobileIntegration_v2.csproj", "{36CC0880-E76E-42CD-9CF2-8E45951A4140}"
EndProject
Global
	GlobalSection(SolutionConfigurationPlatforms) = preSolution
		Debug|Any CPU = Debug|Any CPU
		Release|Any CPU = Release|Any CPU
	EndGlobalSection
	GlobalSection(ProjectConfigurationPlatforms) = postSolution
		{36CC0880-E76E-42CD-9CF2-8E45951A4140}.Debug|Any CPU.ActiveCfg = Debug|Any CPU
		{36CC0880-E76E-42CD-9CF2-8E45951A4140}.Debug|Any CPU.Build.0 = Debug|Any CPU
		{36CC0880-E76E-42CD-9CF2-8E45951A4140}.Release|Any CPU.ActiveCfg = Release|Any CPU
		{36CC0880-E76E-42CD-9CF2-8E45951A4140}.Release|Any CPU.Build.0 = Release|Any CPU
	EndGlobalSection
	GlobalSection(SolutionProperties) = preSolution
		HideSolutionNode = FALSE
	EndGlobalSection
	GlobalSection(ExtensibilityGlobals) = postSolution
		SolutionGuid = {49AF39C7-E920-48F3-A724-E9A6A28D61ED}
	EndGlobalSection
EndGlobal
