
Microsoft Visual Studio Solution File, Format Version 12.00
# Visual Studio 15
VisualStudioVersion = 15.0.28307.779
MinimumVisualStudioVersion = 10.0.40219.1
Project("{FAE04EC0-301F-11D3-BF4B-00C04F79EFBC}") = "ReportNotificationWhattsapp", "ReportNotificationWhattsapp\ReportNotificationWhattsapp.csproj", "{99942813-853A-4426-ACBD-C761815F0404}"
EndProject
Global
	GlobalSection(SolutionConfigurationPlatforms) = preSolution
		Debug|Any CPU = Debug|Any CPU
		Release|Any CPU = Release|Any CPU
	EndGlobalSection
	GlobalSection(ProjectConfigurationPlatforms) = postSolution
		{99942813-853A-4426-ACBD-C761815F0404}.Debug|Any CPU.ActiveCfg = Debug|Any CPU
		{99942813-853A-4426-ACBD-C761815F0404}.Debug|Any CPU.Build.0 = Debug|Any CPU
		{99942813-853A-4426-ACBD-C761815F0404}.Release|Any CPU.ActiveCfg = Release|Any CPU
		{99942813-853A-4426-ACBD-C761815F0404}.Release|Any CPU.Build.0 = Release|Any CPU
	EndGlobalSection
	GlobalSection(SolutionProperties) = preSolution
		HideSolutionNode = FALSE
	EndGlobalSection
	GlobalSection(ExtensibilityGlobals) = postSolution
		SolutionGuid = {B2707696-B753-4807-8C2E-7B0D72449ABA}
	EndGlobalSection
EndGlobal
