
Microsoft Visual Studio Solution File, Format Version 12.00
# Visual Studio 15
VisualStudioVersion = 15.0.28307.779
MinimumVisualStudioVersion = 10.0.40219.1
Project("{FAE04EC0-301F-11D3-BF4B-00C04F79EFBC}") = "FileSenderPost", "FileSenderPost\FileSenderPost.csproj", "{8E999B99-AE46-4F2E-BF5E-BCB8F8DA53BE}"
EndProject
Global
	GlobalSection(SolutionConfigurationPlatforms) = preSolution
		Debug|Any CPU = Debug|Any CPU
		Release|Any CPU = Release|Any CPU
	EndGlobalSection
	GlobalSection(ProjectConfigurationPlatforms) = postSolution
		{8E999B99-AE46-4F2E-BF5E-BCB8F8DA53BE}.Debug|Any CPU.ActiveCfg = Debug|Any CPU
		{8E999B99-AE46-4F2E-BF5E-BCB8F8DA53BE}.Debug|Any CPU.Build.0 = Debug|Any CPU
		{8E999B99-AE46-4F2E-BF5E-BCB8F8DA53BE}.Release|Any CPU.ActiveCfg = Release|Any CPU
		{8E999B99-AE46-4F2E-BF5E-BCB8F8DA53BE}.Release|Any CPU.Build.0 = Release|Any CPU
	EndGlobalSection
	GlobalSection(SolutionProperties) = preSolution
		HideSolutionNode = FALSE
	EndGlobalSection
	GlobalSection(ExtensibilityGlobals) = postSolution
		SolutionGuid = {BDBAC416-2EA2-4A1F-803D-C141E67BDFE1}
	EndGlobalSection
EndGlobal
