
Microsoft Visual Studio Solution File, Format Version 12.00
# Visual Studio Version 16
VisualStudioVersion = 16.0.31410.357
MinimumVisualStudioVersion = 10.0.40219.1
Project("{9A19103F-16F7-4668-BE54-9A1E7A4F7556}") = "GateWashSyncService", "GateWashSyncService.csproj", "{42414726-11AE-4D51-8FE1-1E8ECC5DB11B}"
EndProject
Global
	GlobalSection(SolutionConfigurationPlatforms) = preSolution
		Debug|Any CPU = Debug|Any CPU
		Release|Any CPU = Release|Any CPU
	EndGlobalSection
	GlobalSection(ProjectConfigurationPlatforms) = postSolution
		{42414726-11AE-4D51-8FE1-1E8ECC5DB11B}.Debug|Any CPU.ActiveCfg = Debug|Any CPU
		{42414726-11AE-4D51-8FE1-1E8ECC5DB11B}.Debug|Any CPU.Build.0 = Debug|Any CPU
		{42414726-11AE-4D51-8FE1-1E8ECC5DB11B}.Release|Any CPU.ActiveCfg = Release|Any CPU
		{42414726-11AE-4D51-8FE1-1E8ECC5DB11B}.Release|Any CPU.Build.0 = Release|Any CPU
	EndGlobalSection
	GlobalSection(SolutionProperties) = preSolution
		HideSolutionNode = FALSE
	EndGlobalSection
	GlobalSection(ExtensibilityGlobals) = postSolution
		SolutionGuid = {83276D8C-9BE0-4515-9B14-10324B08DA80}
	EndGlobalSection
EndGlobal
