
Microsoft Visual Studio Solution File, Format Version 12.00
# Visual Studio 15
VisualStudioVersion = 15.0.28307.779
MinimumVisualStudioVersion = 10.0.40219.1
Project("{FAE04EC0-301F-11D3-BF4B-00C04F79EFBC}") = "SynchronizationService", "SynchronizationService\SynchronizationService.csproj", "{9BFE384F-77B2-4FF9-AFA2-7A6A10DCD6AD}"
EndProject
Global
	GlobalSection(SolutionConfigurationPlatforms) = preSolution
		Debug|Any CPU = Debug|Any CPU
		Release|Any CPU = Release|Any CPU
	EndGlobalSection
	GlobalSection(ProjectConfigurationPlatforms) = postSolution
		{9BFE384F-77B2-4FF9-AFA2-7A6A10DCD6AD}.Debug|Any CPU.ActiveCfg = Debug|Any CPU
		{9BFE384F-77B2-4FF9-AFA2-7A6A10DCD6AD}.Debug|Any CPU.Build.0 = Debug|Any CPU
		{9BFE384F-77B2-4FF9-AFA2-7A6A10DCD6AD}.Release|Any CPU.ActiveCfg = Release|Any CPU
		{9BFE384F-77B2-4FF9-AFA2-7A6A10DCD6AD}.Release|Any CPU.Build.0 = Release|Any CPU
	EndGlobalSection
	GlobalSection(SolutionProperties) = preSolution
		HideSolutionNode = FALSE
	EndGlobalSection
	GlobalSection(ExtensibilityGlobals) = postSolution
		SolutionGuid = {77310F79-AC86-4A18-8A75-729A6C1E4938}
	EndGlobalSection
EndGlobal
