
Microsoft Visual Studio Solution File, Format Version 12.00
# Visual Studio Version 16
VisualStudioVersion = 16.0.30011.22
MinimumVisualStudioVersion = 10.0.40219.1
Project("{FAE04EC0-301F-11D3-BF4B-00C04F79EFBC}") = "CardsService", "CardsService.csproj", "{EFB82C66-2572-4046-89D5-4F1D16086D08}"
EndProject
Global
	GlobalSection(SolutionConfigurationPlatforms) = preSolution
		Debug|Any CPU = Debug|Any CPU
		Release|Any CPU = Release|Any CPU
	EndGlobalSection
	GlobalSection(ProjectConfigurationPlatforms) = postSolution
		{EFB82C66-2572-4046-89D5-4F1D16086D08}.Debug|Any CPU.ActiveCfg = Debug|Any CPU
		{EFB82C66-2572-4046-89D5-4F1D16086D08}.Debug|Any CPU.Build.0 = Debug|Any CPU
		{EFB82C66-2572-4046-89D5-4F1D16086D08}.Release|Any CPU.ActiveCfg = Release|Any CPU
		{EFB82C66-2572-4046-89D5-4F1D16086D08}.Release|Any CPU.Build.0 = Release|Any CPU
	EndGlobalSection
	GlobalSection(SolutionProperties) = preSolution
		HideSolutionNode = FALSE
	EndGlobalSection
	GlobalSection(ExtensibilityGlobals) = postSolution
		SolutionGuid = {05AA3F63-4C7C-49F8-B6D3-9E59C856E072}
	EndGlobalSection
EndGlobal
