
Microsoft Visual Studio Solution File, Format Version 12.00
# Visual Studio Version 16
VisualStudioVersion = 16.0.30717.126
MinimumVisualStudioVersion = 10.0.40219.1
Project("{FAE04EC0-301F-11D3-BF4B-00C04F79EFBC}") = "TestConnectionService", "TestConnectionService.csproj", "{6CAD2860-5E47-4E27-99D3-886853F81D9F}"
EndProject
Global
	GlobalSection(SolutionConfigurationPlatforms) = preSolution
		Debug|Any CPU = Debug|Any CPU
		Release|Any CPU = Release|Any CPU
	EndGlobalSection
	GlobalSection(ProjectConfigurationPlatforms) = postSolution
		{6CAD2860-5E47-4E27-99D3-886853F81D9F}.Debug|Any CPU.ActiveCfg = Debug|Any CPU
		{6CAD2860-5E47-4E27-99D3-886853F81D9F}.Debug|Any CPU.Build.0 = Debug|Any CPU
		{6CAD2860-5E47-4E27-99D3-886853F81D9F}.Release|Any CPU.ActiveCfg = Release|Any CPU
		{6CAD2860-5E47-4E27-99D3-886853F81D9F}.Release|Any CPU.Build.0 = Release|Any CPU
	EndGlobalSection
	GlobalSection(SolutionProperties) = preSolution
		HideSolutionNode = FALSE
	EndGlobalSection
	GlobalSection(ExtensibilityGlobals) = postSolution
		SolutionGuid = {BC77C7C5-523C-4087-A598-5DFD4C0170B8}
	EndGlobalSection
EndGlobal
