
Microsoft Visual Studio Solution File, Format Version 12.00
# Visual Studio Version 16
VisualStudioVersion = 16.0.31410.357
MinimumVisualStudioVersion = 10.0.40219.1
Project("{FAE04EC0-301F-11D3-BF4B-00C04F79EFBC}") = "PostRCService", "PostRCService.csproj", "{D49A1BE0-5218-450F-B805-BD120A895CC1}"
EndProject
Global
	GlobalSection(SolutionConfigurationPlatforms) = preSolution
		Debug|Any CPU = Debug|Any CPU
		Release|Any CPU = Release|Any CPU
	EndGlobalSection
	GlobalSection(ProjectConfigurationPlatforms) = postSolution
		{D49A1BE0-5218-450F-B805-BD120A895CC1}.Debug|Any CPU.ActiveCfg = Debug|Any CPU
		{D49A1BE0-5218-450F-B805-BD120A895CC1}.Debug|Any CPU.Build.0 = Debug|Any CPU
		{D49A1BE0-5218-450F-B805-BD120A895CC1}.Release|Any CPU.ActiveCfg = Release|Any CPU
		{D49A1BE0-5218-450F-B805-BD120A895CC1}.Release|Any CPU.Build.0 = Release|Any CPU
	EndGlobalSection
	GlobalSection(SolutionProperties) = preSolution
		HideSolutionNode = FALSE
	EndGlobalSection
	GlobalSection(ExtensibilityGlobals) = postSolution
		SolutionGuid = {6AEC709E-8EC0-4A91-98EC-389E6089AC97}
	EndGlobalSection
EndGlobal
