
Microsoft Visual Studio Solution File, Format Version 12.00
# Visual Studio Version 16
VisualStudioVersion = 16.0.32630.194
MinimumVisualStudioVersion = 10.0.40219.1
Project("{FAE04EC0-301F-11D3-BF4B-00C04F79EFBC}") = "WashPing", "WashPing.csproj", "{D0383CC3-0E31-49B8-8017-E688B454591C}"
EndProject
Global
	GlobalSection(SolutionConfigurationPlatforms) = preSolution
		Debug|Any CPU = Debug|Any CPU
		Release|Any CPU = Release|Any CPU
	EndGlobalSection
	GlobalSection(ProjectConfigurationPlatforms) = postSolution
		{D0383CC3-0E31-49B8-8017-E688B454591C}.Debug|Any CPU.ActiveCfg = Debug|Any CPU
		{D0383CC3-0E31-49B8-8017-E688B454591C}.Debug|Any CPU.Build.0 = Debug|Any CPU
		{D0383CC3-0E31-49B8-8017-E688B454591C}.Release|Any CPU.ActiveCfg = Release|Any CPU
		{D0383CC3-0E31-49B8-8017-E688B454591C}.Release|Any CPU.Build.0 = Release|Any CPU
	EndGlobalSection
	GlobalSection(SolutionProperties) = preSolution
		HideSolutionNode = FALSE
	EndGlobalSection
	GlobalSection(ExtensibilityGlobals) = postSolution
		SolutionGuid = {56DDFCEB-7091-4BD6-A3C0-04905E1FA6D8}
	EndGlobalSection
EndGlobal
