
Microsoft Visual Studio Solution File, Format Version 12.00
# Visual Studio Version 16
VisualStudioVersion = 16.0.31410.357
MinimumVisualStudioVersion = 10.0.40219.1
Project("{FAE04EC0-301F-11D3-BF4B-00C04F79EFBC}") = "AppWasteSenderService", "AppWasteSenderService.csproj", "{F84B447F-05C1-446E-894A-A1623B46BB08}"
EndProject
Global
	GlobalSection(SolutionConfigurationPlatforms) = preSolution
		Debug|Any CPU = Debug|Any CPU
		Release|Any CPU = Release|Any CPU
	EndGlobalSection
	GlobalSection(ProjectConfigurationPlatforms) = postSolution
		{F84B447F-05C1-446E-894A-A1623B46BB08}.Debug|Any CPU.ActiveCfg = Debug|Any CPU
		{F84B447F-05C1-446E-894A-A1623B46BB08}.Debug|Any CPU.Build.0 = Debug|Any CPU
		{F84B447F-05C1-446E-894A-A1623B46BB08}.Release|Any CPU.ActiveCfg = Release|Any CPU
		{F84B447F-05C1-446E-894A-A1623B46BB08}.Release|Any CPU.Build.0 = Release|Any CPU
	EndGlobalSection
	GlobalSection(SolutionProperties) = preSolution
		HideSolutionNode = FALSE
	EndGlobalSection
	GlobalSection(ExtensibilityGlobals) = postSolution
		SolutionGuid = {3F2A281F-3648-43CE-8B2E-D2BD273B06C0}
	EndGlobalSection
EndGlobal
