
Microsoft Visual Studio Solution File, Format Version 12.00
# Visual Studio Version 16
VisualStudioVersion = 16.0.31410.357
MinimumVisualStudioVersion = 10.0.40219.1
Project("{FAE04EC0-301F-11D3-BF4B-00C04F79EFBC}") = "MobileAppWasteSender", "MobileAppWasteSender.csproj", "{26E5B735-F8BA-43E2-943D-6968A7FB28E8}"
EndProject
Global
	GlobalSection(SolutionConfigurationPlatforms) = preSolution
		Debug|Any CPU = Debug|Any CPU
		Release|Any CPU = Release|Any CPU
	EndGlobalSection
	GlobalSection(ProjectConfigurationPlatforms) = postSolution
		{26E5B735-F8BA-43E2-943D-6968A7FB28E8}.Debug|Any CPU.ActiveCfg = Debug|Any CPU
		{26E5B735-F8BA-43E2-943D-6968A7FB28E8}.Debug|Any CPU.Build.0 = Debug|Any CPU
		{26E5B735-F8BA-43E2-943D-6968A7FB28E8}.Release|Any CPU.ActiveCfg = Release|Any CPU
		{26E5B735-F8BA-43E2-943D-6968A7FB28E8}.Release|Any CPU.Build.0 = Release|Any CPU
	EndGlobalSection
	GlobalSection(SolutionProperties) = preSolution
		HideSolutionNode = FALSE
	EndGlobalSection
	GlobalSection(ExtensibilityGlobals) = postSolution
		SolutionGuid = {FD5682B5-F54F-4FC0-8D18-BC7ECF9000CF}
	EndGlobalSection
EndGlobal
