
Microsoft Visual Studio Solution File, Format Version 12.00
# Visual Studio Version 16
VisualStudioVersion = 16.0.31410.357
MinimumVisualStudioVersion = 10.0.40219.1
Project("{FAE04EC0-301F-11D3-BF4B-00C04F79EFBC}") = "GateWashDataService", "GateWashDataService.csproj", "{91B1326B-5C82-4FC0-AF91-993A87AFD60C}"
EndProject
Global
	GlobalSection(SolutionConfigurationPlatforms) = preSolution
		Debug|Any CPU = Debug|Any CPU
		Release|Any CPU = Release|Any CPU
	EndGlobalSection
	GlobalSection(ProjectConfigurationPlatforms) = postSolution
		{91B1326B-5C82-4FC0-AF91-993A87AFD60C}.Debug|Any CPU.ActiveCfg = Debug|Any CPU
		{91B1326B-5C82-4FC0-AF91-993A87AFD60C}.Debug|Any CPU.Build.0 = Debug|Any CPU
		{91B1326B-5C82-4FC0-AF91-993A87AFD60C}.Release|Any CPU.ActiveCfg = Release|Any CPU
		{91B1326B-5C82-4FC0-AF91-993A87AFD60C}.Release|Any CPU.Build.0 = Release|Any CPU
	EndGlobalSection
	GlobalSection(SolutionProperties) = preSolution
		HideSolutionNode = FALSE
	EndGlobalSection
	GlobalSection(ExtensibilityGlobals) = postSolution
		SolutionGuid = {59CBC1BC-0F33-48F5-A5B6-A5A1DDC16E98}
	EndGlobalSection
EndGlobal
